
Microsoft Visual Studio Solution File, Format Version 12.00
# Visual Studio Version 17
VisualStudioVersion = 17.9.34728.123
MinimumVisualStudioVersion = 10.0.40219.1
Project("{9A19103F-16F7-4668-BE54-9A1E7A4F7556}") = "personapi-dotnet", "Lab1\personapi-dotnet.csproj", "{F5D3F96E-1292-4416-BB11-63F024CF4CAD}"
EndProject
Global
	GlobalSection(SolutionConfigurationPlatforms) = preSolution
		Debug|Any CPU = Debug|Any CPU
		Release|Any CPU = Release|Any CPU
	EndGlobalSection
	GlobalSection(ProjectConfigurationPlatforms) = postSolution
		{F5D3F96E-1292-4416-BB11-63F024CF4CAD}.Debug|Any CPU.ActiveCfg = Debug|Any CPU
		{F5D3F96E-1292-4416-BB11-63F024CF4CAD}.Debug|Any CPU.Build.0 = Debug|Any CPU
		{F5D3F96E-1292-4416-BB11-63F024CF4CAD}.Release|Any CPU.ActiveCfg = Release|Any CPU
		{F5D3F96E-1292-4416-BB11-63F024CF4CAD}.Release|Any CPU.Build.0 = Release|Any CPU
	EndGlobalSection
	GlobalSection(SolutionProperties) = preSolution
		HideSolutionNode = FALSE
	EndGlobalSection
	GlobalSection(ExtensibilityGlobals) = postSolution
		SolutionGuid = {18BEB652-0CA9-4332-9910-74E9E992E757}
	EndGlobalSection
EndGlobal
